{
  "name": "cs-soleil-afrique",
  "version": "1.0.0",
  "description": "Site web du Complexe Scolaire Soleil d'Afrique",
  "main": "index.js",
  "scripts": {
    "build": "echo 'Build completed'",
    "dev": "netlify dev"
  },
  "dependencies": {
    "bcryptjs": "^2.4.3",
    "pg": "^8.11.3"
  },
  "devDependencies": {
    "netlify-cli": "^17.0.0"
  },
  "keywords": ["education", "tchad", "ecole", "netlify"],
  "author": "CS Soleil d'Afrique",
  "license": "MIT"
}
